
Microsoft Visual Studio Solution File, Format Version 12.00
# Visual Studio Version 16
VisualStudioVersion = 16.0.30128.74
MinimumVisualStudioVersion = 10.0.40219.1
Project("{9A19103F-16F7-4668-BE54-9A1E7A4F7556}") = "VirtualSociety.BrpServer", "src\VirtualSociety.BrpServer\VirtualSociety.BrpServer.csproj", "{CAE2BC2A-E570-45F1-A226-A8789C28653C}"
EndProject
Project("{9A19103F-16F7-4668-BE54-9A1E7A4F7556}") = "VirtualSociety.BrpServer.Tests", "src\VirtualSociety.BrpServer.Tests\VirtualSociety.BrpServer.Tests.csproj", "{77C6408A-AD06-4D68-92D2-71F3DD21508B}"
EndProject
Global
	GlobalSection(SolutionConfigurationPlatforms) = preSolution
		Debug|Any CPU = Debug|Any CPU
		Release|Any CPU = Release|Any CPU
	EndGlobalSection
	GlobalSection(ProjectConfigurationPlatforms) = postSolution
		{CAE2BC2A-E570-45F1-A226-A8789C28653C}.Debug|Any CPU.ActiveCfg = Debug|Any CPU
		{CAE2BC2A-E570-45F1-A226-A8789C28653C}.Debug|Any CPU.Build.0 = Debug|Any CPU
		{CAE2BC2A-E570-45F1-A226-A8789C28653C}.Release|Any CPU.ActiveCfg = Release|Any CPU
		{CAE2BC2A-E570-45F1-A226-A8789C28653C}.Release|Any CPU.Build.0 = Release|Any CPU
		{77C6408A-AD06-4D68-92D2-71F3DD21508B}.Debug|Any CPU.ActiveCfg = Debug|Any CPU
		{77C6408A-AD06-4D68-92D2-71F3DD21508B}.Debug|Any CPU.Build.0 = Debug|Any CPU
		{77C6408A-AD06-4D68-92D2-71F3DD21508B}.Release|Any CPU.ActiveCfg = Release|Any CPU
		{77C6408A-AD06-4D68-92D2-71F3DD21508B}.Release|Any CPU.Build.0 = Release|Any CPU
	EndGlobalSection
	GlobalSection(SolutionProperties) = preSolution
		HideSolutionNode = FALSE
	EndGlobalSection
	GlobalSection(ExtensibilityGlobals) = postSolution
		SolutionGuid = {BBABBA35-5489-4EE2-A7CA-1EACA1A34B36}
	EndGlobalSection
EndGlobal
